
Microsoft Visual Studio Solution File, Format Version 12.00
# Visual Studio Version 16
VisualStudioVersion = 25.0.1704.2
MinimumVisualStudioVersion = 10.0.40219.1
Project("{FAE04EC0-301F-11D3-BF4B-00C04F79EFBC}") = "AttendanceTracking", "AttendanceTracking\AttendanceTracking.csproj", "{DB8D44EB-8058-4EEB-80F7-2B1EA23349DF}"
EndProject
Project("{FAE04EC0-301F-11D3-BF4B-00C04F79EFBC}") = "AwsS3", "AwsS3\AwsS3.csproj", "{68D39ADA-E923-4370-8D36-AA605465098E}"
EndProject
Project("{FAE04EC0-301F-11D3-BF4B-00C04F79EFBC}") = "AwsSecretManager", "AwsSecretManager\AwsSecretManager.csproj", "{383D75B9-85D6-4084-AFA9-13C77B9DB309}"
EndProject
Project("{FAE04EC0-301F-11D3-BF4B-00C04F79EFBC}") = "AwsSES", "AwsSES\AwsSES.csproj", "{156295F7-9E8E-4C0F-B227-6DA0A0FE5E2B}"
EndProject
Project("{FAE04EC0-301F-11D3-BF4B-00C04F79EFBC}") = "AttendanceTracking.Test", "AttendanceTracking.Test\AttendanceTracking.Test.csproj", "{BF91197F-8A25-4FD6-990D-F604BEA2325A}"
EndProject
Global
	GlobalSection(SolutionConfigurationPlatforms) = preSolution
		Debug|Any CPU = Debug|Any CPU
		Release|Any CPU = Release|Any CPU
	EndGlobalSection
	GlobalSection(ProjectConfigurationPlatforms) = postSolution
		{DB8D44EB-8058-4EEB-80F7-2B1EA23349DF}.Debug|Any CPU.ActiveCfg = Debug|Any CPU
		{DB8D44EB-8058-4EEB-80F7-2B1EA23349DF}.Debug|Any CPU.Build.0 = Debug|Any CPU
		{DB8D44EB-8058-4EEB-80F7-2B1EA23349DF}.Release|Any CPU.ActiveCfg = Release|Any CPU
		{DB8D44EB-8058-4EEB-80F7-2B1EA23349DF}.Release|Any CPU.Build.0 = Release|Any CPU
		{68D39ADA-E923-4370-8D36-AA605465098E}.Debug|Any CPU.ActiveCfg = Debug|Any CPU
		{68D39ADA-E923-4370-8D36-AA605465098E}.Debug|Any CPU.Build.0 = Debug|Any CPU
		{68D39ADA-E923-4370-8D36-AA605465098E}.Release|Any CPU.ActiveCfg = Release|Any CPU
		{68D39ADA-E923-4370-8D36-AA605465098E}.Release|Any CPU.Build.0 = Release|Any CPU
		{383D75B9-85D6-4084-AFA9-13C77B9DB309}.Debug|Any CPU.ActiveCfg = Debug|Any CPU
		{383D75B9-85D6-4084-AFA9-13C77B9DB309}.Debug|Any CPU.Build.0 = Debug|Any CPU
		{383D75B9-85D6-4084-AFA9-13C77B9DB309}.Release|Any CPU.ActiveCfg = Release|Any CPU
		{383D75B9-85D6-4084-AFA9-13C77B9DB309}.Release|Any CPU.Build.0 = Release|Any CPU
		{156295F7-9E8E-4C0F-B227-6DA0A0FE5E2B}.Debug|Any CPU.ActiveCfg = Debug|Any CPU
		{156295F7-9E8E-4C0F-B227-6DA0A0FE5E2B}.Debug|Any CPU.Build.0 = Debug|Any CPU
		{156295F7-9E8E-4C0F-B227-6DA0A0FE5E2B}.Release|Any CPU.ActiveCfg = Release|Any CPU
		{156295F7-9E8E-4C0F-B227-6DA0A0FE5E2B}.Release|Any CPU.Build.0 = Release|Any CPU
		{BF91197F-8A25-4FD6-990D-F604BEA2325A}.Debug|Any CPU.ActiveCfg = Debug|Any CPU
		{BF91197F-8A25-4FD6-990D-F604BEA2325A}.Debug|Any CPU.Build.0 = Debug|Any CPU
		{BF91197F-8A25-4FD6-990D-F604BEA2325A}.Release|Any CPU.ActiveCfg = Release|Any CPU
		{BF91197F-8A25-4FD6-990D-F604BEA2325A}.Release|Any CPU.Build.0 = Release|Any CPU
	EndGlobalSection
	GlobalSection(SolutionProperties) = preSolution
		HideSolutionNode = FALSE
	EndGlobalSection
	GlobalSection(ExtensibilityGlobals) = postSolution
		SolutionGuid = {B9085D59-7EE0-4992-8B5D-1417BB238705}
	EndGlobalSection
EndGlobal
